
Microsoft Visual Studio Solution File, Format Version 12.00
# Visual Studio Version 16
VisualStudioVersion = 16.0.31729.503
MinimumVisualStudioVersion = 10.0.40219.1
Project("{9A19103F-16F7-4668-BE54-9A1E7A4F7556}") = "Prueb_GitHub", "Prueb_GitHub\Prueb_GitHub.csproj", "{3E1227E5-A9E7-4BB0-A65E-414DA0E293FB}"
EndProject
Project("{54435603-DBB4-11D2-8724-00A0C9A8B90C}") = "Instalador", "..\Instalador\Instalador.vdproj", "{AFFC1257-30EE-4BD9-BDEE-69E47A4EF7DC}"
EndProject
Global
	GlobalSection(SolutionConfigurationPlatforms) = preSolution
		Debug|Any CPU = Debug|Any CPU
		Release|Any CPU = Release|Any CPU
	EndGlobalSection
	GlobalSection(ProjectConfigurationPlatforms) = postSolution
		{3E1227E5-A9E7-4BB0-A65E-414DA0E293FB}.Debug|Any CPU.ActiveCfg = Debug|Any CPU
		{3E1227E5-A9E7-4BB0-A65E-414DA0E293FB}.Debug|Any CPU.Build.0 = Debug|Any CPU
		{3E1227E5-A9E7-4BB0-A65E-414DA0E293FB}.Release|Any CPU.ActiveCfg = Release|Any CPU
		{3E1227E5-A9E7-4BB0-A65E-414DA0E293FB}.Release|Any CPU.Build.0 = Release|Any CPU
		{AFFC1257-30EE-4BD9-BDEE-69E47A4EF7DC}.Debug|Any CPU.ActiveCfg = Debug
		{AFFC1257-30EE-4BD9-BDEE-69E47A4EF7DC}.Release|Any CPU.ActiveCfg = Release
	EndGlobalSection
	GlobalSection(SolutionProperties) = preSolution
		HideSolutionNode = FALSE
	EndGlobalSection
	GlobalSection(ExtensibilityGlobals) = postSolution
		SolutionGuid = {C5CF3947-36B3-4C20-9ED1-FD2BF2F2917E}
	EndGlobalSection
EndGlobal
